// !$*UTF8*$!
{
	archiveVersion = 1;
	classes = {
	};
	objectVersion = 51;
	objects = {

/* Begin PBXBuildFile section */
		C247FAD426CE615C00141971 /* AppDelegate.swift in Sources */ = {isa = PBXBuildFile; fileRef = C247FAD326CE615C00141971 /* AppDelegate.swift */; };
		C247FAD626CE615C00141971 /* SceneDelegate.swift in Sources */ = {isa = PBXBuildFile; fileRef = C247FAD526CE615C00141971 /* SceneDelegate.swift */; };
		C247FAD826CE615C00141971 /* ViewController.swift in Sources */ = {isa = PBXBuildFile; fileRef = C247FAD726CE615C00141971 /* ViewController.swift */; };
		C247FADB26CE615C00141971 /* Main.storyboard in Resources */ = {isa = PBXBuildFile; fileRef = C247FAD926CE615C00141971 /* Main.storyboard */; };
		C247FADD26CE615F00141971 /* Assets.xcassets in Resources */ = {isa = PBXBuildFile; fileRef = C247FADC26CE615F00141971 /* Assets.xcassets */; };
		C247FAE026CE615F00141971 /* LaunchScreen.storyboard in Resources */ = {isa = PBXBuildFile; fileRef = C247FADE26CE615F00141971 /* LaunchScreen.storyboard */; };
		C256A22426D5267D002D4AB4 /* Demo_MVVMTests.swift in Sources */ = {isa = PBXBuildFile; fileRef = C256A22326D5267D002D4AB4 /* Demo_MVVMTests.swift */; };
		C26ED89726CF7AA6003EBBBD /* Extension.swift in Sources */ = {isa = PBXBuildFile; fileRef = C26ED89626CF7AA6003EBBBD /* Extension.swift */; };
		C27B2ABD26CFDE7300179BE1 /* Country.swift in Sources */ = {isa = PBXBuildFile; fileRef = C27B2ABC26CFDE7300179BE1 /* Country.swift */; };
		C27B2AC126CFE80400179BE1 /* CountriesViewController.swift in Sources */ = {isa = PBXBuildFile; fileRef = C27B2AC026CFE80400179BE1 /* CountriesViewController.swift */; };
		C27B2AC426CFE84D00179BE1 /* Constants.swift in Sources */ = {isa = PBXBuildFile; fileRef = C27B2AC326CFE84D00179BE1 /* Constants.swift */; };
		C27B2AC926CFEBA800179BE1 /* CountryTableViewCell.swift in Sources */ = {isa = PBXBuildFile; fileRef = C27B2AC826CFEBA800179BE1 /* CountryTableViewCell.swift */; };
		C27B2ACD26CFEF1D00179BE1 /* CountriesViewModel.swift in Sources */ = {isa = PBXBuildFile; fileRef = C27B2ACC26CFEF1D00179BE1 /* CountriesViewModel.swift */; };
		C27B2AD026CFF9FC00179BE1 /* WeatherViewController.swift in Sources */ = {isa = PBXBuildFile; fileRef = C27B2ACF26CFF9FC00179BE1 /* WeatherViewController.swift */; };
		C27B2AD226CFFA1600179BE1 /* Weather.swift in Sources */ = {isa = PBXBuildFile; fileRef = C27B2AD126CFFA1600179BE1 /* Weather.swift */; };
		C27B2AD426CFFA2300179BE1 /* WeatherViewModel.swift in Sources */ = {isa = PBXBuildFile; fileRef = C27B2AD326CFFA2300179BE1 /* WeatherViewModel.swift */; };
		C27B2AD926CFFA7700179BE1 /* WeatherService.swift in Sources */ = {isa = PBXBuildFile; fileRef = C27B2AD826CFFA7700179BE1 /* WeatherService.swift */; };
		C28DF20426D0F9D0004E92CD /* NotesListViewController.swift in Sources */ = {isa = PBXBuildFile; fileRef = C28DF20326D0F9D0004E92CD /* NotesListViewController.swift */; };
		C28DF20626D0F9DF004E92CD /* NotesModel.swift in Sources */ = {isa = PBXBuildFile; fileRef = C28DF20526D0F9DF004E92CD /* NotesModel.swift */; };
		C28DF20B26D10A90004E92CD /* NoteTableViewCell.swift in Sources */ = {isa = PBXBuildFile; fileRef = C28DF20A26D10A90004E92CD /* NoteTableViewCell.swift */; };
		C28DF21026D13628004E92CD /* DatabaseManager.swift in Sources */ = {isa = PBXBuildFile; fileRef = C28DF20F26D13628004E92CD /* DatabaseManager.swift */; };
		C28DF21226D13CB0004E92CD /* NotesViewModel.swift in Sources */ = {isa = PBXBuildFile; fileRef = C28DF21126D13CB0004E92CD /* NotesViewModel.swift */; };
		C293C0EE26CFB9DB00D8E118 /* Box.swift in Sources */ = {isa = PBXBuildFile; fileRef = C293C0ED26CFB9DB00D8E118 /* Box.swift */; };
		C2D8DBE926CE7F5000200AE3 /* Person.swift in Sources */ = {isa = PBXBuildFile; fileRef = C2D8DBE826CE7F5000200AE3 /* Person.swift */; };
		C2D8DBED26CE7FB500200AE3 /* PersonViewModel.swift in Sources */ = {isa = PBXBuildFile; fileRef = C2D8DBEC26CE7FB500200AE3 /* PersonViewModel.swift */; };
		C2D8DBF126CE80E700200AE3 /* PersonTableViewCell.swift in Sources */ = {isa = PBXBuildFile; fileRef = C2D8DBF026CE80E700200AE3 /* PersonTableViewCell.swift */; };
		C2D8DBF626CE99A600200AE3 /* LoginViewController.swift in Sources */ = {isa = PBXBuildFile; fileRef = C2D8DBF526CE99A600200AE3 /* LoginViewController.swift */; };
		C2D8DBF926CED2F400200AE3 /* LoginService.swift in Sources */ = {isa = PBXBuildFile; fileRef = C2D8DBF826CED2F400200AE3 /* LoginService.swift */; };
		C2D8DBFB26CED6F500200AE3 /* UserViewModel.swift in Sources */ = {isa = PBXBuildFile; fileRef = C2D8DBFA26CED6F500200AE3 /* UserViewModel.swift */; };
		C2D8DBFD26CED8DE00200AE3 /* User.swift in Sources */ = {isa = PBXBuildFile; fileRef = C2D8DBFC26CED8DE00200AE3 /* User.swift */; };
		E5FFAE3ADA70EEDB3696B046 /* Pods_Demo_MVVM.framework in Frameworks */ = {isa = PBXBuildFile; fileRef = 467508033969C22853EB5221 /* Pods_Demo_MVVM.framework */; };
/* End PBXBuildFile section */

/* Begin PBXContainerItemProxy section */
		C256A22626D5267D002D4AB4 /* PBXContainerItemProxy */ = {
			isa = PBXContainerItemProxy;
			containerPortal = C247FAC826CE615C00141971 /* Project object */;
			proxyType = 1;
			remoteGlobalIDString = C247FACF26CE615C00141971;
			remoteInfo = Demo_MVVM;
		};
/* End PBXContainerItemProxy section */

/* Begin PBXFileReference section */
		467508033969C22853EB5221 /* Pods_Demo_MVVM.framework */ = {isa = PBXFileReference; explicitFileType = wrapper.framework; includeInIndex = 0; path = Pods_Demo_MVVM.framework; sourceTree = BUILT_PRODUCTS_DIR; };
		8898EAE66FF70AB6946654F6 /* Pods-Demo_MVVM.debug.xcconfig */ = {isa = PBXFileReference; includeInIndex = 1; lastKnownFileType = text.xcconfig; name = "Pods-Demo_MVVM.debug.xcconfig"; path = "Target Support Files/Pods-Demo_MVVM/Pods-Demo_MVVM.debug.xcconfig"; sourceTree = "<group>"; };
		C247FAD026CE615C00141971 /* Demo_MVVM.app */ = {isa = PBXFileReference; explicitFileType = wrapper.application; includeInIndex = 0; path = Demo_MVVM.app; sourceTree = BUILT_PRODUCTS_DIR; };
		C247FAD326CE615C00141971 /* AppDelegate.swift */ = {isa = PBXFileReference; lastKnownFileType = sourcecode.swift; path = AppDelegate.swift; sourceTree = "<group>"; };
		C247FAD526CE615C00141971 /* SceneDelegate.swift */ = {isa = PBXFileReference; lastKnownFileType = sourcecode.swift; path = SceneDelegate.swift; sourceTree = "<group>"; };
		C247FAD726CE615C00141971 /* ViewController.swift */ = {isa = PBXFileReference; lastKnownFileType = sourcecode.swift; path = ViewController.swift; sourceTree = "<group>"; };
		C247FADA26CE615C00141971 /* Base */ = {isa = PBXFileReference; lastKnownFileType = file.storyboard; name = Base; path = Base.lproj/Main.storyboard; sourceTree = "<group>"; };
		C247FADC26CE615F00141971 /* Assets.xcassets */ = {isa = PBXFileReference; lastKnownFileType = folder.assetcatalog; path = Assets.xcassets; sourceTree = "<group>"; };
		C247FADF26CE615F00141971 /* Base */ = {isa = PBXFileReference; lastKnownFileType = file.storyboard; name = Base; path = Base.lproj/LaunchScreen.storyboard; sourceTree = "<group>"; };
		C247FAE126CE615F00141971 /* Info.plist */ = {isa = PBXFileReference; lastKnownFileType = text.plist.xml; path = Info.plist; sourceTree = "<group>"; };
		C256A22126D5267D002D4AB4 /* Demo_MVVMTests.xctest */ = {isa = PBXFileReference; explicitFileType = wrapper.cfbundle; includeInIndex = 0; path = Demo_MVVMTests.xctest; sourceTree = BUILT_PRODUCTS_DIR; };
		C256A22326D5267D002D4AB4 /* Demo_MVVMTests.swift */ = {isa = PBXFileReference; lastKnownFileType = sourcecode.swift; path = Demo_MVVMTests.swift; sourceTree = "<group>"; };
		C256A22526D5267D002D4AB4 /* Info.plist */ = {isa = PBXFileReference; lastKnownFileType = text.plist.xml; path = Info.plist; sourceTree = "<group>"; };
		C26ED89626CF7AA6003EBBBD /* Extension.swift */ = {isa = PBXFileReference; lastKnownFileType = sourcecode.swift; path = Extension.swift; sourceTree = "<group>"; };
		C27B2ABC26CFDE7300179BE1 /* Country.swift */ = {isa = PBXFileReference; lastKnownFileType = sourcecode.swift; path = Country.swift; sourceTree = "<group>"; };
		C27B2AC026CFE80400179BE1 /* CountriesViewController.swift */ = {isa = PBXFileReference; lastKnownFileType = sourcecode.swift; path = CountriesViewController.swift; sourceTree = "<group>"; };
		C27B2AC326CFE84D00179BE1 /* Constants.swift */ = {isa = PBXFileReference; lastKnownFileType = sourcecode.swift; path = Constants.swift; sourceTree = "<group>"; };
		C27B2AC826CFEBA800179BE1 /* CountryTableViewCell.swift */ = {isa = PBXFileReference; lastKnownFileType = sourcecode.swift; path = CountryTableViewCell.swift; sourceTree = "<group>"; };
		C27B2ACC26CFEF1D00179BE1 /* CountriesViewModel.swift */ = {isa = PBXFileReference; lastKnownFileType = sourcecode.swift; path = CountriesViewModel.swift; sourceTree = "<group>"; };
		C27B2ACF26CFF9FC00179BE1 /* WeatherViewController.swift */ = {isa = PBXFileReference; lastKnownFileType = sourcecode.swift; path = WeatherViewController.swift; sourceTree = "<group>"; };
		C27B2AD126CFFA1600179BE1 /* Weather.swift */ = {isa = PBXFileReference; lastKnownFileType = sourcecode.swift; path = Weather.swift; sourceTree = "<group>"; };
		C27B2AD326CFFA2300179BE1 /* WeatherViewModel.swift */ = {isa = PBXFileReference; lastKnownFileType = sourcecode.swift; path = WeatherViewModel.swift; sourceTree = "<group>"; };
		C27B2AD826CFFA7700179BE1 /* WeatherService.swift */ = {isa = PBXFileReference; lastKnownFileType = sourcecode.swift; path = WeatherService.swift; sourceTree = "<group>"; };
		C28DF20326D0F9D0004E92CD /* NotesListViewController.swift */ = {isa = PBXFileReference; lastKnownFileType = sourcecode.swift; path = NotesListViewController.swift; sourceTree = "<group>"; };
		C28DF20526D0F9DF004E92CD /* NotesModel.swift */ = {isa = PBXFileReference; lastKnownFileType = sourcecode.swift; path = NotesModel.swift; sourceTree = "<group>"; };
		C28DF20A26D10A90004E92CD /* NoteTableViewCell.swift */ = {isa = PBXFileReference; lastKnownFileType = sourcecode.swift; path = NoteTableViewCell.swift; sourceTree = "<group>"; };
		C28DF20F26D13628004E92CD /* DatabaseManager.swift */ = {isa = PBXFileReference; lastKnownFileType = sourcecode.swift; path = DatabaseManager.swift; sourceTree = "<group>"; };
		C28DF21126D13CB0004E92CD /* NotesViewModel.swift */ = {isa = PBXFileReference; lastKnownFileType = sourcecode.swift; path = NotesViewModel.swift; sourceTree = "<group>"; };
		C293C0ED26CFB9DB00D8E118 /* Box.swift */ = {isa = PBXFileReference; lastKnownFileType = sourcecode.swift; path = Box.swift; sourceTree = "<group>"; };
		C2D8DBE826CE7F5000200AE3 /* Person.swift */ = {isa = PBXFileReference; lastKnownFileType = sourcecode.swift; path = Person.swift; sourceTree = "<group>"; };
		C2D8DBEC26CE7FB500200AE3 /* PersonViewModel.swift */ = {isa = PBXFileReference; lastKnownFileType = sourcecode.swift; path = PersonViewModel.swift; sourceTree = "<group>"; };
		C2D8DBF026CE80E700200AE3 /* PersonTableViewCell.swift */ = {isa = PBXFileReference; lastKnownFileType = sourcecode.swift; path = PersonTableViewCell.swift; sourceTree = "<group>"; };
		C2D8DBF526CE99A600200AE3 /* LoginViewController.swift */ = {isa = PBXFileReference; lastKnownFileType = sourcecode.swift; path = LoginViewController.swift; sourceTree = "<group>"; };
		C2D8DBF826CED2F400200AE3 /* LoginService.swift */ = {isa = PBXFileReference; lastKnownFileType = sourcecode.swift; path = LoginService.swift; sourceTree = "<group>"; };
		C2D8DBFA26CED6F500200AE3 /* UserViewModel.swift */ = {isa = PBXFileReference; lastKnownFileType = sourcecode.swift; path = UserViewModel.swift; sourceTree = "<group>"; };
		C2D8DBFC26CED8DE00200AE3 /* User.swift */ = {isa = PBXFileReference; lastKnownFileType = sourcecode.swift; path = User.swift; sourceTree = "<group>"; };
		E9AEFEC4F170E138348A951B /* Pods-Demo_MVVM.release.xcconfig */ = {isa = PBXFileReference; includeInIndex = 1; lastKnownFileType = text.xcconfig; name = "Pods-Demo_MVVM.release.xcconfig"; path = "Target Support Files/Pods-Demo_MVVM/Pods-Demo_MVVM.release.xcconfig"; sourceTree = "<group>"; };
/* End PBXFileReference section */

/* Begin PBXFrameworksBuildPhase section */
		C247FACD26CE615C00141971 /* Frameworks */ = {
			isa = PBXFrameworksBuildPhase;
			buildActionMask = 2147483647;
			files = (
				E5FFAE3ADA70EEDB3696B046 /* Pods_Demo_MVVM.framework in Frameworks */,
			);
			runOnlyForDeploymentPostprocessing = 0;
		};
		C256A21E26D5267D002D4AB4 /* Frameworks */ = {
			isa = PBXFrameworksBuildPhase;
			buildActionMask = 2147483647;
			files = (
			);
			runOnlyForDeploymentPostprocessing = 0;
		};
/* End PBXFrameworksBuildPhase section */

/* Begin PBXGroup section */
		00CCBE55DC6174A7BFD43184 /* Pods */ = {
			isa = PBXGroup;
			children = (
				8898EAE66FF70AB6946654F6 /* Pods-Demo_MVVM.debug.xcconfig */,
				E9AEFEC4F170E138348A951B /* Pods-Demo_MVVM.release.xcconfig */,
			);
			path = Pods;
			sourceTree = "<group>";
		};
		C225A65A26D030BB00D35195 /* Binding */ = {
			isa = PBXGroup;
			children = (
				C293C0ED26CFB9DB00D8E118 /* Box.swift */,
			);
			path = Binding;
			sourceTree = "<group>";
		};
		C247C6A926D16E3C00288753 /* DatabaseQueries */ = {
			isa = PBXGroup;
			children = (
				C28DF20F26D13628004E92CD /* DatabaseManager.swift */,
			);
			path = DatabaseQueries;
			sourceTree = "<group>";
		};
		C247FAC726CE615C00141971 = {
			isa = PBXGroup;
			children = (
				C247FAD226CE615C00141971 /* Demo_MVVM */,
				C256A22226D5267D002D4AB4 /* Demo_MVVMTests */,
				C247FAD126CE615C00141971 /* Products */,
				00CCBE55DC6174A7BFD43184 /* Pods */,
				EE065F905AF6482A7A90F8A7 /* Frameworks */,
			);
			sourceTree = "<group>";
		};
		C247FAD126CE615C00141971 /* Products */ = {
			isa = PBXGroup;
			children = (
				C247FAD026CE615C00141971 /* Demo_MVVM.app */,
				C256A22126D5267D002D4AB4 /* Demo_MVVMTests.xctest */,
			);
			name = Products;
			sourceTree = "<group>";
		};
		C247FAD226CE615C00141971 /* Demo_MVVM */ = {
			isa = PBXGroup;
			children = (
				C2D8DBF426CE98EB00200AE3 /* Login */,
				C2D8DBF326CE96F900200AE3 /* Person */,
				C27B2ABF26CFDE7D00179BE1 /* Weather */,
				C28DF20926D0FA00004E92CD /* Notes */,
				C26ED89826CF7AAE003EBBBD /* Extensions */,
				C27B2AC526CFE86B00179BE1 /* Utilities */,
				C247FAD926CE615C00141971 /* Main.storyboard */,
				C247FAD326CE615C00141971 /* AppDelegate.swift */,
				C247FAD526CE615C00141971 /* SceneDelegate.swift */,
				C247FADC26CE615F00141971 /* Assets.xcassets */,
				C247FADE26CE615F00141971 /* LaunchScreen.storyboard */,
				C247FAE126CE615F00141971 /* Info.plist */,
			);
			path = Demo_MVVM;
			sourceTree = "<group>";
		};
		C256A22226D5267D002D4AB4 /* Demo_MVVMTests */ = {
			isa = PBXGroup;
			children = (
				C256A22326D5267D002D4AB4 /* Demo_MVVMTests.swift */,
				C256A22526D5267D002D4AB4 /* Info.plist */,
			);
			path = Demo_MVVMTests;
			sourceTree = "<group>";
		};
		C26ED89826CF7AAE003EBBBD /* Extensions */ = {
			isa = PBXGroup;
			children = (
				C26ED89626CF7AA6003EBBBD /* Extension.swift */,
			);
			path = Extensions;
			sourceTree = "<group>";
		};
		C27B2ABE26CFDE7600179BE1 /* Model */ = {
			isa = PBXGroup;
			children = (
				C27B2ABC26CFDE7300179BE1 /* Country.swift */,
			);
			path = Model;
			sourceTree = "<group>";
		};
		C27B2ABF26CFDE7D00179BE1 /* Weather */ = {
			isa = PBXGroup;
			children = (
				C27B2AC626CFE95100179BE1 /* Countries */,
				C27B2AC726CFE96000179BE1 /* WeatherData */,
			);
			path = Weather;
			sourceTree = "<group>";
		};
		C27B2AC226CFE80900179BE1 /* Controller */ = {
			isa = PBXGroup;
			children = (
				C27B2AC026CFE80400179BE1 /* CountriesViewController.swift */,
			);
			path = Controller;
			sourceTree = "<group>";
		};
		C27B2AC526CFE86B00179BE1 /* Utilities */ = {
			isa = PBXGroup;
			children = (
				C27B2AC326CFE84D00179BE1 /* Constants.swift */,
			);
			path = Utilities;
			sourceTree = "<group>";
		};
		C27B2AC626CFE95100179BE1 /* Countries */ = {
			isa = PBXGroup;
			children = (
				C27B2ABE26CFDE7600179BE1 /* Model */,
				C27B2ACA26CFEBB200179BE1 /* View */,
				C27B2ACE26CFEF2100179BE1 /* ViewModel */,
				C27B2AC226CFE80900179BE1 /* Controller */,
			);
			path = Countries;
			sourceTree = "<group>";
		};
		C27B2AC726CFE96000179BE1 /* WeatherData */ = {
			isa = PBXGroup;
			children = (
				C27B2AD726CFFA6300179BE1 /* Controller */,
				C27B2AD626CFFA5D00179BE1 /* Model */,
				C27B2AD526CFFA5100179BE1 /* ViewModel */,
				C27B2ADA26CFFA7A00179BE1 /* API */,
			);
			name = WeatherData;
			sourceTree = "<group>";
		};
		C27B2ACA26CFEBB200179BE1 /* View */ = {
			isa = PBXGroup;
			children = (
				C27B2ACB26CFEED800179BE1 /* Cells */,
			);
			path = View;
			sourceTree = "<group>";
		};
		C27B2ACB26CFEED800179BE1 /* Cells */ = {
			isa = PBXGroup;
			children = (
				C27B2AC826CFEBA800179BE1 /* CountryTableViewCell.swift */,
			);
			path = Cells;
			sourceTree = "<group>";
		};
		C27B2ACE26CFEF2100179BE1 /* ViewModel */ = {
			isa = PBXGroup;
			children = (
				C27B2ACC26CFEF1D00179BE1 /* CountriesViewModel.swift */,
			);
			path = ViewModel;
			sourceTree = "<group>";
		};
		C27B2AD526CFFA5100179BE1 /* ViewModel */ = {
			isa = PBXGroup;
			children = (
				C27B2AD326CFFA2300179BE1 /* WeatherViewModel.swift */,
			);
			name = ViewModel;
			sourceTree = "<group>";
		};
		C27B2AD626CFFA5D00179BE1 /* Model */ = {
			isa = PBXGroup;
			children = (
				C27B2AD126CFFA1600179BE1 /* Weather.swift */,
			);
			name = Model;
			sourceTree = "<group>";
		};
		C27B2AD726CFFA6300179BE1 /* Controller */ = {
			isa = PBXGroup;
			children = (
				C27B2ACF26CFF9FC00179BE1 /* WeatherViewController.swift */,
			);
			name = Controller;
			sourceTree = "<group>";
		};
		C27B2ADA26CFFA7A00179BE1 /* API */ = {
			isa = PBXGroup;
			children = (
				C27B2AD826CFFA7700179BE1 /* WeatherService.swift */,
			);
			name = API;
			sourceTree = "<group>";
		};
		C28DF20726D0F9E7004E92CD /* Controller */ = {
			isa = PBXGroup;
			children = (
				C28DF20326D0F9D0004E92CD /* NotesListViewController.swift */,
			);
			path = Controller;
			sourceTree = "<group>";
		};
		C28DF20826D0F9F1004E92CD /* Model */ = {
			isa = PBXGroup;
			children = (
				C28DF20526D0F9DF004E92CD /* NotesModel.swift */,
			);
			path = Model;
			sourceTree = "<group>";
		};
		C28DF20926D0FA00004E92CD /* Notes */ = {
			isa = PBXGroup;
			children = (
				C28DF20826D0F9F1004E92CD /* Model */,
				C28DF20C26D10A99004E92CD /* View */,
				C28DF21326D13CC2004E92CD /* ViewModel */,
				C28DF20726D0F9E7004E92CD /* Controller */,
				C247C6A926D16E3C00288753 /* DatabaseQueries */,
			);
			path = Notes;
			sourceTree = "<group>";
		};
		C28DF20C26D10A99004E92CD /* View */ = {
			isa = PBXGroup;
			children = (
				C28DF20A26D10A90004E92CD /* NoteTableViewCell.swift */,
			);
			path = View;
			sourceTree = "<group>";
		};
		C28DF21326D13CC2004E92CD /* ViewModel */ = {
			isa = PBXGroup;
			children = (
				C28DF21126D13CB0004E92CD /* NotesViewModel.swift */,
			);
			path = ViewModel;
			sourceTree = "<group>";
		};
		C2D8DBEA26CE7F9100200AE3 /* Controller */ = {
			isa = PBXGroup;
			children = (
				C247FAD726CE615C00141971 /* ViewController.swift */,
			);
			path = Controller;
			sourceTree = "<group>";
		};
		C2D8DBEB26CE7F9A00200AE3 /* Model */ = {
			isa = PBXGroup;
			children = (
				C2D8DBE826CE7F5000200AE3 /* Person.swift */,
			);
			path = Model;
			sourceTree = "<group>";
		};
		C2D8DBEE26CE7FBF00200AE3 /* ViewModel */ = {
			isa = PBXGroup;
			children = (
				C2D8DBEC26CE7FB500200AE3 /* PersonViewModel.swift */,
			);
			path = ViewModel;
			sourceTree = "<group>";
		};
		C2D8DBEF26CE7FCC00200AE3 /* View */ = {
			isa = PBXGroup;
			children = (
				C2D8DBF226CE80EA00200AE3 /* Cells */,
			);
			path = View;
			sourceTree = "<group>";
		};
		C2D8DBF226CE80EA00200AE3 /* Cells */ = {
			isa = PBXGroup;
			children = (
				C2D8DBF026CE80E700200AE3 /* PersonTableViewCell.swift */,
			);
			path = Cells;
			sourceTree = "<group>";
		};
		C2D8DBF326CE96F900200AE3 /* Person */ = {
			isa = PBXGroup;
			children = (
				C2D8DBEB26CE7F9A00200AE3 /* Model */,
				C2D8DBEF26CE7FCC00200AE3 /* View */,
				C2D8DBEE26CE7FBF00200AE3 /* ViewModel */,
				C2D8DBEA26CE7F9100200AE3 /* Controller */,
			);
			path = Person;
			sourceTree = "<group>";
		};
		C2D8DBF426CE98EB00200AE3 /* Login */ = {
			isa = PBXGroup;
			children = (
				C2D8DBFE26CED99300200AE3 /* Model */,
				C2D8DBFF26CED99F00200AE3 /* ViewModel */,
				C2D8DBF726CE9AB100200AE3 /* Controller */,
				C2D8DC0026CED9A900200AE3 /* API */,
				C225A65A26D030BB00D35195 /* Binding */,
			);
			path = Login;
			sourceTree = "<group>";
		};
		C2D8DBF726CE9AB100200AE3 /* Controller */ = {
			isa = PBXGroup;
			children = (
				C2D8DBF526CE99A600200AE3 /* LoginViewController.swift */,
			);
			path = Controller;
			sourceTree = "<group>";
		};
		C2D8DBFE26CED99300200AE3 /* Model */ = {
			isa = PBXGroup;
			children = (
				C2D8DBFC26CED8DE00200AE3 /* User.swift */,
			);
			path = Model;
			sourceTree = "<group>";
		};
		C2D8DBFF26CED99F00200AE3 /* ViewModel */ = {
			isa = PBXGroup;
			children = (
				C2D8DBFA26CED6F500200AE3 /* UserViewModel.swift */,
			);
			path = ViewModel;
			sourceTree = "<group>";
		};
		C2D8DC0026CED9A900200AE3 /* API */ = {
			isa = PBXGroup;
			children = (
				C2D8DBF826CED2F400200AE3 /* LoginService.swift */,
			);
			path = API;
			sourceTree = "<group>";
		};
		EE065F905AF6482A7A90F8A7 /* Frameworks */ = {
			isa = PBXGroup;
			children = (
				467508033969C22853EB5221 /* Pods_Demo_MVVM.framework */,
			);
			name = Frameworks;
			sourceTree = "<group>";
		};
/* End PBXGroup section */

/* Begin PBXNativeTarget section */
		C247FACF26CE615C00141971 /* Demo_MVVM */ = {
			isa = PBXNativeTarget;
			buildConfigurationList = C247FAE426CE615F00141971 /* Build configuration list for PBXNativeTarget "Demo_MVVM" */;
			buildPhases = (
				78ED3B68E08BB4F05008A8C8 /* [CP] Check Pods Manifest.lock */,
				C247FACC26CE615C00141971 /* Sources */,
				C247FACD26CE615C00141971 /* Frameworks */,
				C247FACE26CE615C00141971 /* Resources */,
				F28976E2F209339F0046D891 /* [CP] Embed Pods Frameworks */,
			);
			buildRules = (
			);
			dependencies = (
			);
			name = Demo_MVVM;
			productName = Demo_MVVM;
			productReference = C247FAD026CE615C00141971 /* Demo_MVVM.app */;
			productType = "com.apple.product-type.application";
		};
		C256A22026D5267D002D4AB4 /* Demo_MVVMTests */ = {
			isa = PBXNativeTarget;
			buildConfigurationList = C256A22A26D5267D002D4AB4 /* Build configuration list for PBXNativeTarget "Demo_MVVMTests" */;
			buildPhases = (
				C256A21D26D5267D002D4AB4 /* Sources */,
				C256A21E26D5267D002D4AB4 /* Frameworks */,
				C256A21F26D5267D002D4AB4 /* Resources */,
			);
			buildRules = (
			);
			dependencies = (
				C256A22726D5267D002D4AB4 /* PBXTargetDependency */,
			);
			name = Demo_MVVMTests;
			productName = Demo_MVVMTests;
			productReference = C256A22126D5267D002D4AB4 /* Demo_MVVMTests.xctest */;
			productType = "com.apple.product-type.bundle.unit-test";
		};
/* End PBXNativeTarget section */

/* Begin PBXProject section */
		C247FAC826CE615C00141971 /* Project object */ = {
			isa = PBXProject;
			attributes = {
				LastSwiftUpdateCheck = 1130;
				LastUpgradeCheck = 1130;
				ORGANIZATIONNAME = "Rahul Sharma";
				TargetAttributes = {
					C247FACF26CE615C00141971 = {
						CreatedOnToolsVersion = 11.3.1;
					};
					C256A22026D5267D002D4AB4 = {
						CreatedOnToolsVersion = 11.3.1;
						TestTargetID = C247FACF26CE615C00141971;
					};
				};
			};
			buildConfigurationList = C247FACB26CE615C00141971 /* Build configuration list for PBXProject "Demo_MVVM" */;
			compatibilityVersion = "Xcode 9.3";
			developmentRegion = en;
			hasScannedForEncodings = 0;
			knownRegions = (
				en,
				Base,
			);
			mainGroup = C247FAC726CE615C00141971;
			productRefGroup = C247FAD126CE615C00141971 /* Products */;
			projectDirPath = "";
			projectRoot = "";
			targets = (
				C247FACF26CE615C00141971 /* Demo_MVVM */,
				C256A22026D5267D002D4AB4 /* Demo_MVVMTests */,
			);
		};
/* End PBXProject section */

/* Begin PBXResourcesBuildPhase section */
		C247FACE26CE615C00141971 /* Resources */ = {
			isa = PBXResourcesBuildPhase;
			buildActionMask = 2147483647;
			files = (
				C247FAE026CE615F00141971 /* LaunchScreen.storyboard in Resources */,
				C247FADD26CE615F00141971 /* Assets.xcassets in Resources */,
				C247FADB26CE615C00141971 /* Main.storyboard in Resources */,
			);
			runOnlyForDeploymentPostprocessing = 0;
		};
		C256A21F26D5267D002D4AB4 /* Resources */ = {
			isa = PBXResourcesBuildPhase;
			buildActionMask = 2147483647;
			files = (
			);
			runOnlyForDeploymentPostprocessing = 0;
		};
/* End PBXResourcesBuildPhase section */

/* Begin PBXShellScriptBuildPhase section */
		78ED3B68E08BB4F05008A8C8 /* [CP] Check Pods Manifest.lock */ = {
			isa = PBXShellScriptBuildPhase;
			buildActionMask = 2147483647;
			files = (
			);
			inputFileListPaths = (
			);
			inputPaths = (
				"${PODS_PODFILE_DIR_PATH}/Podfile.lock",
				"${PODS_ROOT}/Manifest.lock",
			);
			name = "[CP] Check Pods Manifest.lock";
			outputFileListPaths = (
			);
			outputPaths = (
				"$(DERIVED_FILE_DIR)/Pods-Demo_MVVM-checkManifestLockResult.txt",
			);
			runOnlyForDeploymentPostprocessing = 0;
			shellPath = /bin/sh;
			shellScript = "diff \"${PODS_PODFILE_DIR_PATH}/Podfile.lock\" \"${PODS_ROOT}/Manifest.lock\" > /dev/null\nif [ $? != 0 ] ; then\n    # print error to STDERR\n    echo \"error: The sandbox is not in sync with the Podfile.lock. Run 'pod install' or update your CocoaPods installation.\" >&2\n    exit 1\nfi\n# This output is used by Xcode 'outputs' to avoid re-running this script phase.\necho \"SUCCESS\" > \"${SCRIPT_OUTPUT_FILE_0}\"\n";
			showEnvVarsInLog = 0;
		};
		F28976E2F209339F0046D891 /* [CP] Embed Pods Frameworks */ = {
			isa = PBXShellScriptBuildPhase;
			buildActionMask = 2147483647;
			files = (
			);
			inputFileListPaths = (
				"${PODS_ROOT}/Target Support Files/Pods-Demo_MVVM/Pods-Demo_MVVM-frameworks-${CONFIGURATION}-input-files.xcfilelist",
			);
			name = "[CP] Embed Pods Frameworks";
			outputFileListPaths = (
				"${PODS_ROOT}/Target Support Files/Pods-Demo_MVVM/Pods-Demo_MVVM-frameworks-${CONFIGURATION}-output-files.xcfilelist",
			);
			runOnlyForDeploymentPostprocessing = 0;
			shellPath = /bin/sh;
			shellScript = "\"${PODS_ROOT}/Target Support Files/Pods-Demo_MVVM/Pods-Demo_MVVM-frameworks.sh\"\n";
			showEnvVarsInLog = 0;
		};
/* End PBXShellScriptBuildPhase section */

/* Begin PBXSourcesBuildPhase section */
		C247FACC26CE615C00141971 /* Sources */ = {
			isa = PBXSourcesBuildPhase;
			buildActionMask = 2147483647;
			files = (
				C2D8DBF626CE99A600200AE3 /* LoginViewController.swift in Sources */,
				C27B2AD026CFF9FC00179BE1 /* WeatherViewController.swift in Sources */,
				C27B2AD426CFFA2300179BE1 /* WeatherViewModel.swift in Sources */,
				C27B2AC126CFE80400179BE1 /* CountriesViewController.swift in Sources */,
				C2D8DBF126CE80E700200AE3 /* PersonTableViewCell.swift in Sources */,
				C247FAD826CE615C00141971 /* ViewController.swift in Sources */,
				C2D8DBED26CE7FB500200AE3 /* PersonViewModel.swift in Sources */,
				C28DF21026D13628004E92CD /* DatabaseManager.swift in Sources */,
				C27B2AC426CFE84D00179BE1 /* Constants.swift in Sources */,
				C26ED89726CF7AA6003EBBBD /* Extension.swift in Sources */,
				C27B2ABD26CFDE7300179BE1 /* Country.swift in Sources */,
				C247FAD426CE615C00141971 /* AppDelegate.swift in Sources */,
				C2D8DBE926CE7F5000200AE3 /* Person.swift in Sources */,
				C27B2ACD26CFEF1D00179BE1 /* CountriesViewModel.swift in Sources */,
				C27B2AD926CFFA7700179BE1 /* WeatherService.swift in Sources */,
				C247FAD626CE615C00141971 /* SceneDelegate.swift in Sources */,
				C28DF21226D13CB0004E92CD /* NotesViewModel.swift in Sources */,
				C2D8DBFB26CED6F500200AE3 /* UserViewModel.swift in Sources */,
				C28DF20626D0F9DF004E92CD /* NotesModel.swift in Sources */,
				C28DF20B26D10A90004E92CD /* NoteTableViewCell.swift in Sources */,
				C27B2AC926CFEBA800179BE1 /* CountryTableViewCell.swift in Sources */,
				C27B2AD226CFFA1600179BE1 /* Weather.swift in Sources */,
				C28DF20426D0F9D0004E92CD /* NotesListViewController.swift in Sources */,
				C293C0EE26CFB9DB00D8E118 /* Box.swift in Sources */,
				C2D8DBFD26CED8DE00200AE3 /* User.swift in Sources */,
				C2D8DBF926CED2F400200AE3 /* LoginService.swift in Sources */,
			);
			runOnlyForDeploymentPostprocessing = 0;
		};
		C256A21D26D5267D002D4AB4 /* Sources */ = {
			isa = PBXSourcesBuildPhase;
			buildActionMask = 2147483647;
			files = (
				C256A22426D5267D002D4AB4 /* Demo_MVVMTests.swift in Sources */,
			);
			runOnlyForDeploymentPostprocessing = 0;
		};
/* End PBXSourcesBuildPhase section */

/* Begin PBXTargetDependency section */
		C256A22726D5267D002D4AB4 /* PBXTargetDependency */ = {
			isa = PBXTargetDependency;
			target = C247FACF26CE615C00141971 /* Demo_MVVM */;
			targetProxy = C256A22626D5267D002D4AB4 /* PBXContainerItemProxy */;
		};
/* End PBXTargetDependency section */

/* Begin PBXVariantGroup section */
		C247FAD926CE615C00141971 /* Main.storyboard */ = {
			isa = PBXVariantGroup;
			children = (
				C247FADA26CE615C00141971 /* Base */,
			);
			name = Main.storyboard;
			sourceTree = "<group>";
		};
		C247FADE26CE615F00141971 /* LaunchScreen.storyboard */ = {
			isa = PBXVariantGroup;
			children = (
				C247FADF26CE615F00141971 /* Base */,
			);
			name = LaunchScreen.storyboard;
			sourceTree = "<group>";
		};
/* End PBXVariantGroup section */

/* Begin XCBuildConfiguration section */
		C247FAE226CE615F00141971 /* Debug */ = {
			isa = XCBuildConfiguration;
			buildSettings = {
				ALWAYS_SEARCH_USER_PATHS = NO;
				CLANG_ANALYZER_NONNULL = YES;
				CLANG_ANALYZER_NUMBER_OBJECT_CONVERSION = YES_AGGRESSIVE;
				CLANG_CXX_LANGUAGE_STANDARD = "gnu++14";
				CLANG_CXX_LIBRARY = "libc++";
				CLANG_ENABLE_MODULES = YES;
				CLANG_ENABLE_OBJC_ARC = YES;
				CLANG_ENABLE_OBJC_WEAK = YES;
				CLANG_WARN_BLOCK_CAPTURE_AUTORELEASING = YES;
				CLANG_WARN_BOOL_CONVERSION = YES;
				CLANG_WARN_COMMA = YES;
				CLANG_WARN_CONSTANT_CONVERSION = YES;
				CLANG_WARN_DEPRECATED_OBJC_IMPLEMENTATIONS = YES;
				CLANG_WARN_DIRECT_OBJC_ISA_USAGE = YES_ERROR;
				CLANG_WARN_DOCUMENTATION_COMMENTS = YES;
				CLANG_WARN_EMPTY_BODY = YES;
				CLANG_WARN_ENUM_CONVERSION = YES;
				CLANG_WARN_INFINITE_RECURSION = YES;
				CLANG_WARN_INT_CONVERSION = YES;
				CLANG_WARN_NON_LITERAL_NULL_CONVERSION = YES;
				CLANG_WARN_OBJC_IMPLICIT_RETAIN_SELF = YES;
				CLANG_WARN_OBJC_LITERAL_CONVERSION = YES;
				CLANG_WARN_OBJC_ROOT_CLASS = YES_ERROR;
				CLANG_WARN_RANGE_LOOP_ANALYSIS = YES;
				CLANG_WARN_STRICT_PROTOTYPES = YES;
				CLANG_WARN_SUSPICIOUS_MOVE = YES;
				CLANG_WARN_UNGUARDED_AVAILABILITY = YES_AGGRESSIVE;
				CLANG_WARN_UNREACHABLE_CODE = YES;
				CLANG_WARN__DUPLICATE_METHOD_MATCH = YES;
				COPY_PHASE_STRIP = NO;
				DEBUG_INFORMATION_FORMAT = dwarf;
				ENABLE_STRICT_OBJC_MSGSEND = YES;
				ENABLE_TESTABILITY = YES;
				GCC_C_LANGUAGE_STANDARD = gnu11;
				GCC_DYNAMIC_NO_PIC = NO;
				GCC_NO_COMMON_BLOCKS = YES;
				GCC_OPTIMIZATION_LEVEL = 0;
				GCC_PREPROCESSOR_DEFINITIONS = (
					"DEBUG=1",
					"$(inherited)",
				);
				GCC_WARN_64_TO_32_BIT_CONVERSION = YES;
				GCC_WARN_ABOUT_RETURN_TYPE = YES_ERROR;
				GCC_WARN_UNDECLARED_SELECTOR = YES;
				GCC_WARN_UNINITIALIZED_AUTOS = YES_AGGRESSIVE;
				GCC_WARN_UNUSED_FUNCTION = YES;
				GCC_WARN_UNUSED_VARIABLE = YES;
				IPHONEOS_DEPLOYMENT_TARGET = 13.2;
				MTL_ENABLE_DEBUG_INFO = INCLUDE_SOURCE;
				MTL_FAST_MATH = YES;
				ONLY_ACTIVE_ARCH = YES;
				SDKROOT = iphoneos;
				SWIFT_ACTIVE_COMPILATION_CONDITIONS = DEBUG;
				SWIFT_OPTIMIZATION_LEVEL = "-Onone";
			};
			name = Debug;
		};
		C247FAE326CE615F00141971 /* Release */ = {
			isa = XCBuildConfiguration;
			buildSettings = {
				ALWAYS_SEARCH_USER_PATHS = NO;
				CLANG_ANALYZER_NONNULL = YES;
				CLANG_ANALYZER_NUMBER_OBJECT_CONVERSION = YES_AGGRESSIVE;
				CLANG_CXX_LANGUAGE_STANDARD = "gnu++14";
				CLANG_CXX_LIBRARY = "libc++";
				CLANG_ENABLE_MODULES = YES;
				CLANG_ENABLE_OBJC_ARC = YES;
				CLANG_ENABLE_OBJC_WEAK = YES;
				CLANG_WARN_BLOCK_CAPTURE_AUTORELEASING = YES;
				CLANG_WARN_BOOL_CONVERSION = YES;
				CLANG_WARN_COMMA = YES;
				CLANG_WARN_CONSTANT_CONVERSION = YES;
				CLANG_WARN_DEPRECATED_OBJC_IMPLEMENTATIONS = YES;
				CLANG_WARN_DIRECT_OBJC_ISA_USAGE = YES_ERROR;
				CLANG_WARN_DOCUMENTATION_COMMENTS = YES;
				CLANG_WARN_EMPTY_BODY = YES;
				CLANG_WARN_ENUM_CONVERSION = YES;
				CLANG_WARN_INFINITE_RECURSION = YES;
				CLANG_WARN_INT_CONVERSION = YES;
				CLANG_WARN_NON_LITERAL_NULL_CONVERSION = YES;
				CLANG_WARN_OBJC_IMPLICIT_RETAIN_SELF = YES;
				CLANG_WARN_OBJC_LITERAL_CONVERSION = YES;
				CLANG_WARN_OBJC_ROOT_CLASS = YES_ERROR;
				CLANG_WARN_RANGE_LOOP_ANALYSIS = YES;
				CLANG_WARN_STRICT_PROTOTYPES = YES;
				CLANG_WARN_SUSPICIOUS_MOVE = YES;
				CLANG_WARN_UNGUARDED_AVAILABILITY = YES_AGGRESSIVE;
				CLANG_WARN_UNREACHABLE_CODE = YES;
				CLANG_WARN__DUPLICATE_METHOD_MATCH = YES;
				COPY_PHASE_STRIP = NO;
				DEBUG_INFORMATION_FORMAT = "dwarf-with-dsym";
				ENABLE_NS_ASSERTIONS = NO;
				ENABLE_STRICT_OBJC_MSGSEND = YES;
				GCC_C_LANGUAGE_STANDARD = gnu11;
				GCC_NO_COMMON_BLOCKS = YES;
				GCC_WARN_64_TO_32_BIT_CONVERSION = YES;
				GCC_WARN_ABOUT_RETURN_TYPE = YES_ERROR;
				GCC_WARN_UNDECLARED_SELECTOR = YES;
				GCC_WARN_UNINITIALIZED_AUTOS = YES_AGGRESSIVE;
				GCC_WARN_UNUSED_FUNCTION = YES;
				GCC_WARN_UNUSED_VARIABLE = YES;
				IPHONEOS_DEPLOYMENT_TARGET = 13.2;
				MTL_ENABLE_DEBUG_INFO = NO;
				MTL_FAST_MATH = YES;
				SDKROOT = iphoneos;
				SWIFT_COMPILATION_MODE = wholemodule;
				SWIFT_OPTIMIZATION_LEVEL = "-O";
				VALIDATE_PRODUCT = YES;
			};
			name = Release;
		};
		C247FAE526CE615F00141971 /* Debug */ = {
			isa = XCBuildConfiguration;
			baseConfigurationReference = 8898EAE66FF70AB6946654F6 /* Pods-Demo_MVVM.debug.xcconfig */;
			buildSettings = {
				ASSETCATALOG_COMPILER_APPICON_NAME = AppIcon;
				CODE_SIGN_STYLE = Automatic;
				INFOPLIST_FILE = Demo_MVVM/Info.plist;
				LD_RUNPATH_SEARCH_PATHS = (
					"$(inherited)",
					"@executable_path/Frameworks",
				);
				PRODUCT_BUNDLE_IDENTIFIER = "-Embed.Demo-MVVM";
				PRODUCT_NAME = "$(TARGET_NAME)";
				SWIFT_VERSION = 5.0;
				TARGETED_DEVICE_FAMILY = 1;
			};
			name = Debug;
		};
		C247FAE626CE615F00141971 /* Release */ = {
			isa = XCBuildConfiguration;
			baseConfigurationReference = E9AEFEC4F170E138348A951B /* Pods-Demo_MVVM.release.xcconfig */;
			buildSettings = {
				ASSETCATALOG_COMPILER_APPICON_NAME = AppIcon;
				CODE_SIGN_STYLE = Automatic;
				INFOPLIST_FILE = Demo_MVVM/Info.plist;
				LD_RUNPATH_SEARCH_PATHS = (
					"$(inherited)",
					"@executable_path/Frameworks",
				);
				PRODUCT_BUNDLE_IDENTIFIER = "-Embed.Demo-MVVM";
				PRODUCT_NAME = "$(TARGET_NAME)";
				SWIFT_VERSION = 5.0;
				TARGETED_DEVICE_FAMILY = 1;
			};
			name = Release;
		};
		C256A22826D5267D002D4AB4 /* Debug */ = {
			isa = XCBuildConfiguration;
			buildSettings = {
				BUNDLE_LOADER = "$(TEST_HOST)";
				CODE_SIGN_STYLE = Automatic;
				INFOPLIST_FILE = Demo_MVVMTests/Info.plist;
				LD_RUNPATH_SEARCH_PATHS = (
					"$(inherited)",
					"@executable_path/Frameworks",
					"@loader_path/Frameworks",
				);
				PRODUCT_BUNDLE_IDENTIFIER = "-Embed.Demo-MVVMTests";
				PRODUCT_NAME = "$(TARGET_NAME)";
				SWIFT_VERSION = 5.0;
				TARGETED_DEVICE_FAMILY = "1,2";
				TEST_HOST = "$(BUILT_PRODUCTS_DIR)/Demo_MVVM.app/Demo_MVVM";
			};
			name = Debug;
		};
		C256A22926D5267D002D4AB4 /* Release */ = {
			isa = XCBuildConfiguration;
			buildSettings = {
				BUNDLE_LOADER = "$(TEST_HOST)";
				CODE_SIGN_STYLE = Automatic;
				INFOPLIST_FILE = Demo_MVVMTests/Info.plist;
				LD_RUNPATH_SEARCH_PATHS = (
					"$(inherited)",
					"@executable_path/Frameworks",
					"@loader_path/Frameworks",
				);
				PRODUCT_BUNDLE_IDENTIFIER = "-Embed.Demo-MVVMTests";
				PRODUCT_NAME = "$(TARGET_NAME)";
				SWIFT_VERSION = 5.0;
				TARGETED_DEVICE_FAMILY = "1,2";
				TEST_HOST = "$(BUILT_PRODUCTS_DIR)/Demo_MVVM.app/Demo_MVVM";
			};
			name = Release;
		};
/* End XCBuildConfiguration section */

/* Begin XCConfigurationList section */
		C247FACB26CE615C00141971 /* Build configuration list for PBXProject "Demo_MVVM" */ = {
			isa = XCConfigurationList;
			buildConfigurations = (
				C247FAE226CE615F00141971 /* Debug */,
				C247FAE326CE615F00141971 /* Release */,
			);
			defaultConfigurationIsVisible = 0;
			defaultConfigurationName = Release;
		};
		C247FAE426CE615F00141971 /* Build configuration list for PBXNativeTarget "Demo_MVVM" */ = {
			isa = XCConfigurationList;
			buildConfigurations = (
				C247FAE526CE615F00141971 /* Debug */,
				C247FAE626CE615F00141971 /* Release */,
			);
			defaultConfigurationIsVisible = 0;
			defaultConfigurationName = Release;
		};
		C256A22A26D5267D002D4AB4 /* Build configuration list for PBXNativeTarget "Demo_MVVMTests" */ = {
			isa = XCConfigurationList;
			buildConfigurations = (
				C256A22826D5267D002D4AB4 /* Debug */,
				C256A22926D5267D002D4AB4 /* Release */,
			);
			defaultConfigurationIsVisible = 0;
			defaultConfigurationName = Release;
		};
/* End XCConfigurationList section */
	};
	rootObject = C247FAC826CE615C00141971 /* Project object */;
}
